
Microsoft Visual Studio Solution File, Format Version 12.00
# Visual Studio Version 17
VisualStudioVersion = 17.14.36518.9 d17.14
MinimumVisualStudioVersion = 10.0.40219.1
Project("{FAE04EC0-301F-11D3-BF4B-00C04F79EFBC}") = "MovieApp", "MovieApp\MovieApp.csproj", "{065311C8-FC29-4C96-8866-E3ADAA627F45}"
EndProject
Global
	GlobalSection(SolutionConfigurationPlatforms) = preSolution
		Debug|Any CPU = Debug|Any CPU
		Release|Any CPU = Release|Any CPU
	EndGlobalSection
	GlobalSection(ProjectConfigurationPlatforms) = postSolution
		{065311C8-FC29-4C96-8866-E3ADAA627F45}.Debug|Any CPU.ActiveCfg = Debug|Any CPU
		{065311C8-FC29-4C96-8866-E3ADAA627F45}.Debug|Any CPU.Build.0 = Debug|Any CPU
		{065311C8-FC29-4C96-8866-E3ADAA627F45}.Release|Any CPU.ActiveCfg = Release|Any CPU
		{065311C8-FC29-4C96-8866-E3ADAA627F45}.Release|Any CPU.Build.0 = Release|Any CPU
	EndGlobalSection
	GlobalSection(SolutionProperties) = preSolution
		HideSolutionNode = FALSE
	EndGlobalSection
	GlobalSection(ExtensibilityGlobals) = postSolution
		SolutionGuid = {239B6BBE-66B4-48D2-BA0F-05393B088D55}
	EndGlobalSection
EndGlobal
